
Microsoft Visual Studio Solution File, Format Version 12.00
# Visual Studio Version 16
VisualStudioVersion = 16.0.29102.190
MinimumVisualStudioVersion = 10.0.40219.1
Project("{2150E333-8FDC-42A3-9474-1A3956D46DE8}") = "corpus-for-codebuff", "corpus-for-codebuff", "{4F7C6D69-5535-480F-8EFC-86813686E2E7}"
	ProjectSection(SolutionItems) = preProject
		corpus-for-codebuff\A.g4 = corpus-for-codebuff\A.g4
		corpus-for-codebuff\A2.G4.SAVE = corpus-for-codebuff\A2.G4.SAVE
		corpus-for-codebuff\A3.g4 = corpus-for-codebuff\A3.g4
		corpus-for-codebuff\AA.g = corpus-for-codebuff\AA.g
		corpus-for-codebuff\E.g = corpus-for-codebuff\E.g
		corpus-for-codebuff\Fuzzy.g4 = corpus-for-codebuff\Fuzzy.g4
		corpus-for-codebuff\HTMLParser.g = corpus-for-codebuff\HTMLParser.g
		corpus-for-codebuff\JavaLexer.g = corpus-for-codebuff\JavaLexer.g
		corpus-for-codebuff\JavaLR.g4 = corpus-for-codebuff\JavaLR.g4
		corpus-for-codebuff\JavaParser.g = corpus-for-codebuff\JavaParser.g
		corpus-for-codebuff\JavaParser.orig.g = corpus-for-codebuff\JavaParser.orig.g
		corpus-for-codebuff\L.g = corpus-for-codebuff\L.g
		corpus-for-codebuff\ModeLexer.g4 = corpus-for-codebuff\ModeLexer.g4
		corpus-for-codebuff\R.g4 = corpus-for-codebuff\R.g4
		corpus-for-codebuff\Scannerless.g = corpus-for-codebuff\Scannerless.g
		corpus-for-codebuff\T.g = corpus-for-codebuff\T.g
		corpus-for-codebuff\U.g = corpus-for-codebuff\U.g
		corpus-for-codebuff\W.g = corpus-for-codebuff\W.g
		corpus-for-codebuff\YangJavaLexer.g = corpus-for-codebuff\YangJavaLexer.g
		corpus-for-codebuff\YangJavaParser.g = corpus-for-codebuff\YangJavaParser.g
	EndProjectSection
EndProject
Project("{FAE04EC0-301F-11D3-BF4B-00C04F79EFBC}") = "AntlrVSIX", "Client\AntlrVSIX.csproj", "{99377F57-EC77-4949-A670-F97989990A3C}"
	ProjectSection(ProjectDependencies) = postProject
		{E912AE6C-996B-46A9-9F55-C823EB9B4F47} = {E912AE6C-996B-46A9-9F55-C823EB9B4F47}
	EndProjectSection
EndProject
Project("{FAE04EC0-301F-11D3-BF4B-00C04F79EFBC}") = "AntlrFAProject", "AntlrFAProject\AntlrFAProject.csproj", "{BC3EBEF2-6EFA-472B-9AC9-3A11DCC46E1C}"
EndProject
Project("{9A19103F-16F7-4668-BE54-9A1E7A4F7556}") = "Symtab", "Symtab\Symtab.csproj", "{95FAB63B-1FE9-41F9-A875-49556E5E6B8A}"
EndProject
Project("{9A19103F-16F7-4668-BE54-9A1E7A4F7556}") = "Workspaces", "Workspaces\Workspaces.csproj", "{E138159B-E61C-4CB7-ABBC-7C57DC9BDD79}"
EndProject
Project("{9A19103F-16F7-4668-BE54-9A1E7A4F7556}") = "Algorithms", "Algorithms\Algorithms.csproj", "{227BB0F6-9DF1-4782-B8C2-77C76E6824AE}"
EndProject
Project("{2150E333-8FDC-42A3-9474-1A3956D46DE8}") = "Solution Items", "Solution Items", "{A704C218-94AE-496B-94D4-C3EE26CF7342}"
	ProjectSection(SolutionItems) = preProject
		license.txt = license.txt
		README.md = README.md
	EndProjectSection
EndProject
Project("{9A19103F-16F7-4668-BE54-9A1E7A4F7556}") = "Logger", "Logger\Logger.csproj", "{A097E2D9-542E-44B7-9FC4-344E10B4E363}"
EndProject
Project("{9A19103F-16F7-4668-BE54-9A1E7A4F7556}") = "Server", "Server\Server.csproj", "{E912AE6C-996B-46A9-9F55-C823EB9B4F47}"
EndProject
Project("{9A19103F-16F7-4668-BE54-9A1E7A4F7556}") = "LspHelpers", "LspHelpers\LspHelpers.csproj", "{DFFF91E8-3E09-49CF-84B5-F5566826EE1A}"
EndProject
Project("{9A19103F-16F7-4668-BE54-9A1E7A4F7556}") = "LanguageServer", "LanguageServer\LanguageServer.csproj", "{DAC36616-E61D-4512-AE4E-C3706544DAB1}"
EndProject
Project("{9A19103F-16F7-4668-BE54-9A1E7A4F7556}") = "Options", "Options\Options.csproj", "{E4C5ED5B-21AE-492F-8CF8-C3EADF4059E2}"
EndProject
Project("{2150E333-8FDC-42A3-9474-1A3956D46DE8}") = "doc", "doc", "{65955E78-3712-4604-B151-4A2F7474BA58}"
	ProjectSection(SolutionItems) = preProject
		doc\basic.md = doc\basic.md
		doc\building.md = doc\building.md
		doc\customizing.md = doc\customizing.md
		doc\readme.md = doc\readme.md
		doc\refactoring.md = doc\refactoring.md
		doc\setup.md = doc\setup.md
	EndProjectSection
EndProject
Project("{2150E333-8FDC-42A3-9474-1A3956D46DE8}") = "pics", "pics", "{AB776C0F-4B61-4EDF-A654-40A9259855CD}"
	ProjectSection(SolutionItems) = preProject
		doc\pics\2019-08-08-10.png = doc\pics\2019-08-08-10.png
		doc\pics\2019-08-08-17.png = doc\pics\2019-08-08-17.png
		doc\pics\2019-08-08-18.png = doc\pics\2019-08-08-18.png
		doc\pics\2019-08-08-19.png = doc\pics\2019-08-08-19.png
		doc\pics\2019-08-08-20.png = doc\pics\2019-08-08-20.png
		doc\pics\2019-08-08-21.png = doc\pics\2019-08-08-21.png
		doc\pics\2019-08-08-22.png = doc\pics\2019-08-08-22.png
		doc\pics\2019-08-08-23.png = doc\pics\2019-08-08-23.png
		doc\pics\2019-08-08-24.png = doc\pics\2019-08-08-24.png
		doc\pics\2019-08-08-25.png = doc\pics\2019-08-08-25.png
		doc\pics\2019-08-08-26.png = doc\pics\2019-08-08-26.png
		doc\pics\2019-08-08-3.png = doc\pics\2019-08-08-3.png
		doc\pics\2019-08-08-30.png = doc\pics\2019-08-08-30.png
		doc\pics\2019-08-08-31.png = doc\pics\2019-08-08-31.png
		doc\pics\2019-08-08-32.png = doc\pics\2019-08-08-32.png
		doc\pics\2019-08-08-33.png = doc\pics\2019-08-08-33.png
		doc\pics\2019-08-08-34.png = doc\pics\2019-08-08-34.png
		doc\pics\2019-08-08-4.png = doc\pics\2019-08-08-4.png
		doc\pics\2019-08-08-7.png = doc\pics\2019-08-08-7.png
		doc\pics\2019-08-08-8.png = doc\pics\2019-08-08-8.png
		doc\pics\2019-08-08-9.png = doc\pics\2019-08-08-9.png
		doc\pics\2019-08-09-1.png = doc\pics\2019-08-09-1.png
	EndProjectSection
EndProject
Global
	GlobalSection(SolutionConfigurationPlatforms) = preSolution
		Debug|Any CPU = Debug|Any CPU
		Release|Any CPU = Release|Any CPU
	EndGlobalSection
	GlobalSection(ProjectConfigurationPlatforms) = postSolution
		{99377F57-EC77-4949-A670-F97989990A3C}.Debug|Any CPU.ActiveCfg = Debug|Any CPU
		{99377F57-EC77-4949-A670-F97989990A3C}.Debug|Any CPU.Build.0 = Debug|Any CPU
		{99377F57-EC77-4949-A670-F97989990A3C}.Release|Any CPU.ActiveCfg = Release|Any CPU
		{99377F57-EC77-4949-A670-F97989990A3C}.Release|Any CPU.Build.0 = Release|Any CPU
		{BC3EBEF2-6EFA-472B-9AC9-3A11DCC46E1C}.Debug|Any CPU.ActiveCfg = Debug|Any CPU
		{BC3EBEF2-6EFA-472B-9AC9-3A11DCC46E1C}.Debug|Any CPU.Build.0 = Debug|Any CPU
		{BC3EBEF2-6EFA-472B-9AC9-3A11DCC46E1C}.Release|Any CPU.ActiveCfg = Release|Any CPU
		{BC3EBEF2-6EFA-472B-9AC9-3A11DCC46E1C}.Release|Any CPU.Build.0 = Release|Any CPU
		{95FAB63B-1FE9-41F9-A875-49556E5E6B8A}.Debug|Any CPU.ActiveCfg = Debug|Any CPU
		{95FAB63B-1FE9-41F9-A875-49556E5E6B8A}.Debug|Any CPU.Build.0 = Debug|Any CPU
		{95FAB63B-1FE9-41F9-A875-49556E5E6B8A}.Release|Any CPU.ActiveCfg = Release|Any CPU
		{95FAB63B-1FE9-41F9-A875-49556E5E6B8A}.Release|Any CPU.Build.0 = Release|Any CPU
		{E138159B-E61C-4CB7-ABBC-7C57DC9BDD79}.Debug|Any CPU.ActiveCfg = Debug|Any CPU
		{E138159B-E61C-4CB7-ABBC-7C57DC9BDD79}.Debug|Any CPU.Build.0 = Debug|Any CPU
		{E138159B-E61C-4CB7-ABBC-7C57DC9BDD79}.Release|Any CPU.ActiveCfg = Release|Any CPU
		{E138159B-E61C-4CB7-ABBC-7C57DC9BDD79}.Release|Any CPU.Build.0 = Release|Any CPU
		{227BB0F6-9DF1-4782-B8C2-77C76E6824AE}.Debug|Any CPU.ActiveCfg = Debug|Any CPU
		{227BB0F6-9DF1-4782-B8C2-77C76E6824AE}.Debug|Any CPU.Build.0 = Debug|Any CPU
		{227BB0F6-9DF1-4782-B8C2-77C76E6824AE}.Release|Any CPU.ActiveCfg = Release|Any CPU
		{227BB0F6-9DF1-4782-B8C2-77C76E6824AE}.Release|Any CPU.Build.0 = Release|Any CPU
		{A097E2D9-542E-44B7-9FC4-344E10B4E363}.Debug|Any CPU.ActiveCfg = Debug|Any CPU
		{A097E2D9-542E-44B7-9FC4-344E10B4E363}.Debug|Any CPU.Build.0 = Debug|Any CPU
		{A097E2D9-542E-44B7-9FC4-344E10B4E363}.Release|Any CPU.ActiveCfg = Release|Any CPU
		{A097E2D9-542E-44B7-9FC4-344E10B4E363}.Release|Any CPU.Build.0 = Release|Any CPU
		{E912AE6C-996B-46A9-9F55-C823EB9B4F47}.Debug|Any CPU.ActiveCfg = Debug|Any CPU
		{E912AE6C-996B-46A9-9F55-C823EB9B4F47}.Debug|Any CPU.Build.0 = Debug|Any CPU
		{E912AE6C-996B-46A9-9F55-C823EB9B4F47}.Release|Any CPU.ActiveCfg = Release|Any CPU
		{E912AE6C-996B-46A9-9F55-C823EB9B4F47}.Release|Any CPU.Build.0 = Release|Any CPU
		{DFFF91E8-3E09-49CF-84B5-F5566826EE1A}.Debug|Any CPU.ActiveCfg = Debug|Any CPU
		{DFFF91E8-3E09-49CF-84B5-F5566826EE1A}.Debug|Any CPU.Build.0 = Debug|Any CPU
		{DFFF91E8-3E09-49CF-84B5-F5566826EE1A}.Release|Any CPU.ActiveCfg = Release|Any CPU
		{DFFF91E8-3E09-49CF-84B5-F5566826EE1A}.Release|Any CPU.Build.0 = Release|Any CPU
		{DAC36616-E61D-4512-AE4E-C3706544DAB1}.Debug|Any CPU.ActiveCfg = Debug|Any CPU
		{DAC36616-E61D-4512-AE4E-C3706544DAB1}.Debug|Any CPU.Build.0 = Debug|Any CPU
		{DAC36616-E61D-4512-AE4E-C3706544DAB1}.Release|Any CPU.ActiveCfg = Release|Any CPU
		{DAC36616-E61D-4512-AE4E-C3706544DAB1}.Release|Any CPU.Build.0 = Release|Any CPU
		{E4C5ED5B-21AE-492F-8CF8-C3EADF4059E2}.Debug|Any CPU.ActiveCfg = Debug|Any CPU
		{E4C5ED5B-21AE-492F-8CF8-C3EADF4059E2}.Debug|Any CPU.Build.0 = Debug|Any CPU
		{E4C5ED5B-21AE-492F-8CF8-C3EADF4059E2}.Release|Any CPU.ActiveCfg = Release|Any CPU
		{E4C5ED5B-21AE-492F-8CF8-C3EADF4059E2}.Release|Any CPU.Build.0 = Release|Any CPU
	EndGlobalSection
	GlobalSection(SolutionProperties) = preSolution
		HideSolutionNode = FALSE
	EndGlobalSection
	GlobalSection(NestedProjects) = preSolution
		{AB776C0F-4B61-4EDF-A654-40A9259855CD} = {65955E78-3712-4604-B151-4A2F7474BA58}
	EndGlobalSection
	GlobalSection(ExtensibilityGlobals) = postSolution
		SolutionGuid = {84E7A3AD-E215-47C2-9812-AD75B8DC62E4}
	EndGlobalSection
EndGlobal
