
Microsoft Visual Studio Solution File, Format Version 12.00
# Visual Studio Version 16
VisualStudioVersion = 16.0.29102.190
MinimumVisualStudioVersion = 10.0.40219.1
Project("{FAE04EC0-301F-11D3-BF4B-00C04F79EFBC}") = "AntlrVSIX", "AntlrVSIX\AntlrVSIX.csproj", "{36897A0A-D67A-4F7F-84F4-87C1C351FA9C}"
EndProject
Project("{2150E333-8FDC-42A3-9474-1A3956D46DE8}") = "corpus-for-codebuff", "corpus-for-codebuff", "{4F7C6D69-5535-480F-8EFC-86813686E2E7}"
	ProjectSection(SolutionItems) = preProject
		corpus-for-codebuff\A.g4 = corpus-for-codebuff\A.g4
		corpus-for-codebuff\A2.G4.SAVE = corpus-for-codebuff\A2.G4.SAVE
		corpus-for-codebuff\A3.g4 = corpus-for-codebuff\A3.g4
		corpus-for-codebuff\AA.g = corpus-for-codebuff\AA.g
		corpus-for-codebuff\E.g = corpus-for-codebuff\E.g
		corpus-for-codebuff\Fuzzy.g4 = corpus-for-codebuff\Fuzzy.g4
		corpus-for-codebuff\HTMLParser.g = corpus-for-codebuff\HTMLParser.g
		corpus-for-codebuff\JavaLexer.g = corpus-for-codebuff\JavaLexer.g
		corpus-for-codebuff\JavaLR.g4 = corpus-for-codebuff\JavaLR.g4
		corpus-for-codebuff\JavaParser.g = corpus-for-codebuff\JavaParser.g
		corpus-for-codebuff\JavaParser.orig.g = corpus-for-codebuff\JavaParser.orig.g
		corpus-for-codebuff\L.g = corpus-for-codebuff\L.g
		corpus-for-codebuff\ModeLexer.g4 = corpus-for-codebuff\ModeLexer.g4
		corpus-for-codebuff\R.g4 = corpus-for-codebuff\R.g4
		corpus-for-codebuff\Scannerless.g = corpus-for-codebuff\Scannerless.g
		corpus-for-codebuff\T.g = corpus-for-codebuff\T.g
		corpus-for-codebuff\U.g = corpus-for-codebuff\U.g
		corpus-for-codebuff\W.g = corpus-for-codebuff\W.g
		corpus-for-codebuff\YangJavaLexer.g = corpus-for-codebuff\YangJavaLexer.g
		corpus-for-codebuff\YangJavaParser.g = corpus-for-codebuff\YangJavaParser.g
	EndProjectSection
EndProject
Project("{FAE04EC0-301F-11D3-BF4B-00C04F79EFBC}") = "AntlrCAProject", "AntlrCAProject\AntlrCAProject.csproj", "{9F91F144-0200-415F-9136-FE386DDA7FB9}"
EndProject
Project("{FAE04EC0-301F-11D3-BF4B-00C04F79EFBC}") = "AntlrFAProject", "AntlrFAProject\AntlrFAProject.csproj", "{BC3EBEF2-6EFA-472B-9AC9-3A11DCC46E1C}"
EndProject
Project("{9A19103F-16F7-4668-BE54-9A1E7A4F7556}") = "AntlrVSIX.GrammarDescription", "AntlrVSIX.GrammarDescription\AntlrVSIX.GrammarDescription.csproj", "{9600BAEC-E51A-4F80-9251-2306A7A84D44}"
EndProject
Project("{9A19103F-16F7-4668-BE54-9A1E7A4F7556}") = "AntlrVSIX.GrammarDescription.Java", "AntlrVSIX.GrammarDescription.Java\AntlrVSIX.GrammarDescription.Java.csproj", "{1A59ABF4-E066-4E4B-B8F9-ED83A8B2CD93}"
EndProject
Project("{9A19103F-16F7-4668-BE54-9A1E7A4F7556}") = "AntlrVSIX.GrammarDescription.Antlr", "AntlrVSIX.GrammarDescription.Antlr\AntlrVSIX.GrammarDescription.Antlr.csproj", "{1B4AD20D-E4FA-40BA-BC63-8EEC48D0CED5}"
EndProject
Project("{9A19103F-16F7-4668-BE54-9A1E7A4F7556}") = "AntlrVSIX.GrammarDescription.Python", "AntlrVSIX.GrammarDescription.Python\AntlrVSIX.GrammarDescription.Python.csproj", "{080BEBB7-17BD-4714-BEBC-47DB13774AD9}"
EndProject
Project("{F184B08F-C81C-45F6-A57F-5ABD9991F28F}") = "AntlrVSIX.GrammarDescription.Rust", "AntlrVSIX.GrammarDescription.Rust\AntlrVSIX.GrammarDescription.Rust.csproj", "{39FE4F32-9CA9-46DA-8F5A-F51A70C40829}"
EndProject
Global
	GlobalSection(SolutionConfigurationPlatforms) = preSolution
		Debug|Any CPU = Debug|Any CPU
		Release|Any CPU = Release|Any CPU
	EndGlobalSection
	GlobalSection(ProjectConfigurationPlatforms) = postSolution
		{36897A0A-D67A-4F7F-84F4-87C1C351FA9C}.Debug|Any CPU.ActiveCfg = Debug|Any CPU
		{36897A0A-D67A-4F7F-84F4-87C1C351FA9C}.Debug|Any CPU.Build.0 = Debug|Any CPU
		{36897A0A-D67A-4F7F-84F4-87C1C351FA9C}.Release|Any CPU.ActiveCfg = Release|Any CPU
		{36897A0A-D67A-4F7F-84F4-87C1C351FA9C}.Release|Any CPU.Build.0 = Release|Any CPU
		{9F91F144-0200-415F-9136-FE386DDA7FB9}.Debug|Any CPU.ActiveCfg = Debug|Any CPU
		{9F91F144-0200-415F-9136-FE386DDA7FB9}.Debug|Any CPU.Build.0 = Debug|Any CPU
		{9F91F144-0200-415F-9136-FE386DDA7FB9}.Release|Any CPU.ActiveCfg = Release|Any CPU
		{9F91F144-0200-415F-9136-FE386DDA7FB9}.Release|Any CPU.Build.0 = Release|Any CPU
		{BC3EBEF2-6EFA-472B-9AC9-3A11DCC46E1C}.Debug|Any CPU.ActiveCfg = Debug|Any CPU
		{BC3EBEF2-6EFA-472B-9AC9-3A11DCC46E1C}.Debug|Any CPU.Build.0 = Debug|Any CPU
		{BC3EBEF2-6EFA-472B-9AC9-3A11DCC46E1C}.Release|Any CPU.ActiveCfg = Release|Any CPU
		{BC3EBEF2-6EFA-472B-9AC9-3A11DCC46E1C}.Release|Any CPU.Build.0 = Release|Any CPU
		{9600BAEC-E51A-4F80-9251-2306A7A84D44}.Debug|Any CPU.ActiveCfg = Debug|Any CPU
		{9600BAEC-E51A-4F80-9251-2306A7A84D44}.Debug|Any CPU.Build.0 = Debug|Any CPU
		{9600BAEC-E51A-4F80-9251-2306A7A84D44}.Release|Any CPU.ActiveCfg = Release|Any CPU
		{9600BAEC-E51A-4F80-9251-2306A7A84D44}.Release|Any CPU.Build.0 = Release|Any CPU
		{1A59ABF4-E066-4E4B-B8F9-ED83A8B2CD93}.Debug|Any CPU.ActiveCfg = Debug|Any CPU
		{1A59ABF4-E066-4E4B-B8F9-ED83A8B2CD93}.Debug|Any CPU.Build.0 = Debug|Any CPU
		{1A59ABF4-E066-4E4B-B8F9-ED83A8B2CD93}.Release|Any CPU.ActiveCfg = Release|Any CPU
		{1A59ABF4-E066-4E4B-B8F9-ED83A8B2CD93}.Release|Any CPU.Build.0 = Release|Any CPU
		{1B4AD20D-E4FA-40BA-BC63-8EEC48D0CED5}.Debug|Any CPU.ActiveCfg = Debug|Any CPU
		{1B4AD20D-E4FA-40BA-BC63-8EEC48D0CED5}.Debug|Any CPU.Build.0 = Debug|Any CPU
		{1B4AD20D-E4FA-40BA-BC63-8EEC48D0CED5}.Release|Any CPU.ActiveCfg = Release|Any CPU
		{1B4AD20D-E4FA-40BA-BC63-8EEC48D0CED5}.Release|Any CPU.Build.0 = Release|Any CPU
		{080BEBB7-17BD-4714-BEBC-47DB13774AD9}.Debug|Any CPU.ActiveCfg = Debug|Any CPU
		{080BEBB7-17BD-4714-BEBC-47DB13774AD9}.Debug|Any CPU.Build.0 = Debug|Any CPU
		{080BEBB7-17BD-4714-BEBC-47DB13774AD9}.Release|Any CPU.ActiveCfg = Release|Any CPU
		{080BEBB7-17BD-4714-BEBC-47DB13774AD9}.Release|Any CPU.Build.0 = Release|Any CPU
		{39FE4F32-9CA9-46DA-8F5A-F51A70C40829}.Debug|Any CPU.ActiveCfg = Debug|Any CPU
		{39FE4F32-9CA9-46DA-8F5A-F51A70C40829}.Debug|Any CPU.Build.0 = Debug|Any CPU
		{39FE4F32-9CA9-46DA-8F5A-F51A70C40829}.Release|Any CPU.ActiveCfg = Release|Any CPU
		{39FE4F32-9CA9-46DA-8F5A-F51A70C40829}.Release|Any CPU.Build.0 = Release|Any CPU
	EndGlobalSection
	GlobalSection(SolutionProperties) = preSolution
		HideSolutionNode = FALSE
	EndGlobalSection
	GlobalSection(ExtensibilityGlobals) = postSolution
		SolutionGuid = {84E7A3AD-E215-47C2-9812-AD75B8DC62E4}
	EndGlobalSection
EndGlobal
