
Microsoft Visual Studio Solution File, Format Version 12.00
# Visual Studio Version 16
VisualStudioVersion = 16.0.29102.190
MinimumVisualStudioVersion = 10.0.40219.1
Project("{FAE04EC0-301F-11D3-BF4B-00C04F79EFBC}") = "AntlrVSIX", "AntlrVSIX\AntlrVSIX.csproj", "{36897A0A-D67A-4F7F-84F4-87C1C351FA9C}"
	ProjectSection(ProjectDependencies) = postProject
		{A097E2D9-542E-44B7-9FC4-344E10B4E363} = {A097E2D9-542E-44B7-9FC4-344E10B4E363}
		{227BB0F6-9DF1-4782-B8C2-77C76E6824AE} = {227BB0F6-9DF1-4782-B8C2-77C76E6824AE}
	EndProjectSection
EndProject
Project("{2150E333-8FDC-42A3-9474-1A3956D46DE8}") = "corpus-for-codebuff", "corpus-for-codebuff", "{4F7C6D69-5535-480F-8EFC-86813686E2E7}"
	ProjectSection(SolutionItems) = preProject
		corpus-for-codebuff\A.g4 = corpus-for-codebuff\A.g4
		corpus-for-codebuff\A2.G4.SAVE = corpus-for-codebuff\A2.G4.SAVE
		corpus-for-codebuff\A3.g4 = corpus-for-codebuff\A3.g4
		corpus-for-codebuff\AA.g = corpus-for-codebuff\AA.g
		corpus-for-codebuff\E.g = corpus-for-codebuff\E.g
		corpus-for-codebuff\Fuzzy.g4 = corpus-for-codebuff\Fuzzy.g4
		corpus-for-codebuff\HTMLParser.g = corpus-for-codebuff\HTMLParser.g
		corpus-for-codebuff\JavaLexer.g = corpus-for-codebuff\JavaLexer.g
		corpus-for-codebuff\JavaLR.g4 = corpus-for-codebuff\JavaLR.g4
		corpus-for-codebuff\JavaParser.g = corpus-for-codebuff\JavaParser.g
		corpus-for-codebuff\JavaParser.orig.g = corpus-for-codebuff\JavaParser.orig.g
		corpus-for-codebuff\L.g = corpus-for-codebuff\L.g
		corpus-for-codebuff\ModeLexer.g4 = corpus-for-codebuff\ModeLexer.g4
		corpus-for-codebuff\R.g4 = corpus-for-codebuff\R.g4
		corpus-for-codebuff\Scannerless.g = corpus-for-codebuff\Scannerless.g
		corpus-for-codebuff\T.g = corpus-for-codebuff\T.g
		corpus-for-codebuff\U.g = corpus-for-codebuff\U.g
		corpus-for-codebuff\W.g = corpus-for-codebuff\W.g
		corpus-for-codebuff\YangJavaLexer.g = corpus-for-codebuff\YangJavaLexer.g
		corpus-for-codebuff\YangJavaParser.g = corpus-for-codebuff\YangJavaParser.g
	EndProjectSection
EndProject
Project("{FAE04EC0-301F-11D3-BF4B-00C04F79EFBC}") = "AntlrCAProject", "AntlrCAProject\AntlrCAProject.csproj", "{9F91F144-0200-415F-9136-FE386DDA7FB9}"
EndProject
Project("{FAE04EC0-301F-11D3-BF4B-00C04F79EFBC}") = "AntlrFAProject", "AntlrFAProject\AntlrFAProject.csproj", "{BC3EBEF2-6EFA-472B-9AC9-3A11DCC46E1C}"
EndProject
Project("{9A19103F-16F7-4668-BE54-9A1E7A4F7556}") = "LanguageServer", "LanguageServer\LanguageServer.csproj", "{9600BAEC-E51A-4F80-9251-2306A7A84D44}"
	ProjectSection(ProjectDependencies) = postProject
		{227BB0F6-9DF1-4782-B8C2-77C76E6824AE} = {227BB0F6-9DF1-4782-B8C2-77C76E6824AE}
	EndProjectSection
EndProject
Project("{9A19103F-16F7-4668-BE54-9A1E7A4F7556}") = "LanguageServer.Java", "LanguageServer.Java\LanguageServer.Java.csproj", "{1A59ABF4-E066-4E4B-B8F9-ED83A8B2CD93}"
EndProject
Project("{9A19103F-16F7-4668-BE54-9A1E7A4F7556}") = "LanguageServer.Antlr", "LanguageServer.Antlr\LanguageServer.Antlr.csproj", "{1B4AD20D-E4FA-40BA-BC63-8EEC48D0CED5}"
EndProject
Project("{9A19103F-16F7-4668-BE54-9A1E7A4F7556}") = "LanguageServer.Python", "LanguageServer.Python\LanguageServer.Python.csproj", "{080BEBB7-17BD-4714-BEBC-47DB13774AD9}"
EndProject
Project("{778DAE3C-4631-46EA-AA77-85C1314464D9}") = "LanguageServer.Rust", "LanguageServer.Rust\LanguageServer.Rust.csproj", "{39FE4F32-9CA9-46DA-8F5A-F51A70C40829}"
EndProject
Project("{9A19103F-16F7-4668-BE54-9A1E7A4F7556}") = "Symtab", "Symtab\Symtab.csproj", "{95FAB63B-1FE9-41F9-A875-49556E5E6B8A}"
EndProject
Project("{FAE04EC0-301F-11D3-BF4B-00C04F79EFBC}") = "Workspaces", "Workspaces\Workspaces.csproj", "{E138159B-E61C-4CB7-ABBC-7C57DC9BDD79}"
EndProject
Project("{9A19103F-16F7-4668-BE54-9A1E7A4F7556}") = "Graphs", "Graphs\Graphs.csproj", "{227BB0F6-9DF1-4782-B8C2-77C76E6824AE}"
EndProject
Project("{2150E333-8FDC-42A3-9474-1A3956D46DE8}") = "Solution Items", "Solution Items", "{A704C218-94AE-496B-94D4-C3EE26CF7342}"
	ProjectSection(SolutionItems) = preProject
		license.txt = license.txt
		README.md = README.md
	EndProjectSection
EndProject
Project("{9A19103F-16F7-4668-BE54-9A1E7A4F7556}") = "Logger", "Logger\Logger.csproj", "{A097E2D9-542E-44B7-9FC4-344E10B4E363}"
EndProject
Project("{9A19103F-16F7-4668-BE54-9A1E7A4F7556}") = "Options", "Options\Options.csproj", "{B11CB730-FE6F-44E8-953C-5B9E92E7A026}"
EndProject
Project("{9A19103F-16F7-4668-BE54-9A1E7A4F7556}") = "LanguageServer.Exec", "LanguageServer.Exec\LanguageServer.Exec.csproj", "{E912AE6C-996B-46A9-9F55-C823EB9B4F47}"
EndProject
Project("{FAE04EC0-301F-11D3-BF4B-00C04F79EFBC}") = "lsp-java", "lsp-java\lsp-java.csproj", "{267F61C9-7DB9-41D3-A22A-EE6B710477CA}"
EndProject
Global
	GlobalSection(SolutionConfigurationPlatforms) = preSolution
		Debug|Any CPU = Debug|Any CPU
		Release|Any CPU = Release|Any CPU
	EndGlobalSection
	GlobalSection(ProjectConfigurationPlatforms) = postSolution
		{36897A0A-D67A-4F7F-84F4-87C1C351FA9C}.Debug|Any CPU.ActiveCfg = Debug|Any CPU
		{36897A0A-D67A-4F7F-84F4-87C1C351FA9C}.Debug|Any CPU.Build.0 = Debug|Any CPU
		{36897A0A-D67A-4F7F-84F4-87C1C351FA9C}.Release|Any CPU.ActiveCfg = Release|Any CPU
		{36897A0A-D67A-4F7F-84F4-87C1C351FA9C}.Release|Any CPU.Build.0 = Release|Any CPU
		{9F91F144-0200-415F-9136-FE386DDA7FB9}.Debug|Any CPU.ActiveCfg = Debug|Any CPU
		{9F91F144-0200-415F-9136-FE386DDA7FB9}.Debug|Any CPU.Build.0 = Debug|Any CPU
		{9F91F144-0200-415F-9136-FE386DDA7FB9}.Release|Any CPU.ActiveCfg = Release|Any CPU
		{9F91F144-0200-415F-9136-FE386DDA7FB9}.Release|Any CPU.Build.0 = Release|Any CPU
		{BC3EBEF2-6EFA-472B-9AC9-3A11DCC46E1C}.Debug|Any CPU.ActiveCfg = Debug|Any CPU
		{BC3EBEF2-6EFA-472B-9AC9-3A11DCC46E1C}.Debug|Any CPU.Build.0 = Debug|Any CPU
		{BC3EBEF2-6EFA-472B-9AC9-3A11DCC46E1C}.Release|Any CPU.ActiveCfg = Release|Any CPU
		{BC3EBEF2-6EFA-472B-9AC9-3A11DCC46E1C}.Release|Any CPU.Build.0 = Release|Any CPU
		{9600BAEC-E51A-4F80-9251-2306A7A84D44}.Debug|Any CPU.ActiveCfg = Debug|Any CPU
		{9600BAEC-E51A-4F80-9251-2306A7A84D44}.Debug|Any CPU.Build.0 = Debug|Any CPU
		{9600BAEC-E51A-4F80-9251-2306A7A84D44}.Release|Any CPU.ActiveCfg = Release|Any CPU
		{9600BAEC-E51A-4F80-9251-2306A7A84D44}.Release|Any CPU.Build.0 = Release|Any CPU
		{1A59ABF4-E066-4E4B-B8F9-ED83A8B2CD93}.Debug|Any CPU.ActiveCfg = Debug|Any CPU
		{1A59ABF4-E066-4E4B-B8F9-ED83A8B2CD93}.Debug|Any CPU.Build.0 = Debug|Any CPU
		{1A59ABF4-E066-4E4B-B8F9-ED83A8B2CD93}.Release|Any CPU.ActiveCfg = Release|Any CPU
		{1A59ABF4-E066-4E4B-B8F9-ED83A8B2CD93}.Release|Any CPU.Build.0 = Release|Any CPU
		{1B4AD20D-E4FA-40BA-BC63-8EEC48D0CED5}.Debug|Any CPU.ActiveCfg = Debug|Any CPU
		{1B4AD20D-E4FA-40BA-BC63-8EEC48D0CED5}.Debug|Any CPU.Build.0 = Debug|Any CPU
		{1B4AD20D-E4FA-40BA-BC63-8EEC48D0CED5}.Release|Any CPU.ActiveCfg = Release|Any CPU
		{1B4AD20D-E4FA-40BA-BC63-8EEC48D0CED5}.Release|Any CPU.Build.0 = Release|Any CPU
		{080BEBB7-17BD-4714-BEBC-47DB13774AD9}.Debug|Any CPU.ActiveCfg = Debug|Any CPU
		{080BEBB7-17BD-4714-BEBC-47DB13774AD9}.Debug|Any CPU.Build.0 = Debug|Any CPU
		{080BEBB7-17BD-4714-BEBC-47DB13774AD9}.Release|Any CPU.ActiveCfg = Release|Any CPU
		{080BEBB7-17BD-4714-BEBC-47DB13774AD9}.Release|Any CPU.Build.0 = Release|Any CPU
		{39FE4F32-9CA9-46DA-8F5A-F51A70C40829}.Debug|Any CPU.ActiveCfg = Debug|Any CPU
		{39FE4F32-9CA9-46DA-8F5A-F51A70C40829}.Debug|Any CPU.Build.0 = Debug|Any CPU
		{39FE4F32-9CA9-46DA-8F5A-F51A70C40829}.Release|Any CPU.ActiveCfg = Release|Any CPU
		{39FE4F32-9CA9-46DA-8F5A-F51A70C40829}.Release|Any CPU.Build.0 = Release|Any CPU
		{95FAB63B-1FE9-41F9-A875-49556E5E6B8A}.Debug|Any CPU.ActiveCfg = Debug|Any CPU
		{95FAB63B-1FE9-41F9-A875-49556E5E6B8A}.Debug|Any CPU.Build.0 = Debug|Any CPU
		{95FAB63B-1FE9-41F9-A875-49556E5E6B8A}.Release|Any CPU.ActiveCfg = Release|Any CPU
		{95FAB63B-1FE9-41F9-A875-49556E5E6B8A}.Release|Any CPU.Build.0 = Release|Any CPU
		{E138159B-E61C-4CB7-ABBC-7C57DC9BDD79}.Debug|Any CPU.ActiveCfg = Debug|Any CPU
		{E138159B-E61C-4CB7-ABBC-7C57DC9BDD79}.Debug|Any CPU.Build.0 = Debug|Any CPU
		{E138159B-E61C-4CB7-ABBC-7C57DC9BDD79}.Release|Any CPU.ActiveCfg = Release|Any CPU
		{E138159B-E61C-4CB7-ABBC-7C57DC9BDD79}.Release|Any CPU.Build.0 = Release|Any CPU
		{227BB0F6-9DF1-4782-B8C2-77C76E6824AE}.Debug|Any CPU.ActiveCfg = Debug|Any CPU
		{227BB0F6-9DF1-4782-B8C2-77C76E6824AE}.Debug|Any CPU.Build.0 = Debug|Any CPU
		{227BB0F6-9DF1-4782-B8C2-77C76E6824AE}.Release|Any CPU.ActiveCfg = Release|Any CPU
		{227BB0F6-9DF1-4782-B8C2-77C76E6824AE}.Release|Any CPU.Build.0 = Release|Any CPU
		{A097E2D9-542E-44B7-9FC4-344E10B4E363}.Debug|Any CPU.ActiveCfg = Debug|Any CPU
		{A097E2D9-542E-44B7-9FC4-344E10B4E363}.Debug|Any CPU.Build.0 = Debug|Any CPU
		{A097E2D9-542E-44B7-9FC4-344E10B4E363}.Release|Any CPU.ActiveCfg = Release|Any CPU
		{A097E2D9-542E-44B7-9FC4-344E10B4E363}.Release|Any CPU.Build.0 = Release|Any CPU
		{B11CB730-FE6F-44E8-953C-5B9E92E7A026}.Debug|Any CPU.ActiveCfg = Debug|Any CPU
		{B11CB730-FE6F-44E8-953C-5B9E92E7A026}.Debug|Any CPU.Build.0 = Debug|Any CPU
		{B11CB730-FE6F-44E8-953C-5B9E92E7A026}.Release|Any CPU.ActiveCfg = Release|Any CPU
		{B11CB730-FE6F-44E8-953C-5B9E92E7A026}.Release|Any CPU.Build.0 = Release|Any CPU
		{E912AE6C-996B-46A9-9F55-C823EB9B4F47}.Debug|Any CPU.ActiveCfg = Debug|Any CPU
		{E912AE6C-996B-46A9-9F55-C823EB9B4F47}.Debug|Any CPU.Build.0 = Debug|Any CPU
		{E912AE6C-996B-46A9-9F55-C823EB9B4F47}.Release|Any CPU.ActiveCfg = Release|Any CPU
		{E912AE6C-996B-46A9-9F55-C823EB9B4F47}.Release|Any CPU.Build.0 = Release|Any CPU
		{267F61C9-7DB9-41D3-A22A-EE6B710477CA}.Debug|Any CPU.ActiveCfg = Debug|Any CPU
		{267F61C9-7DB9-41D3-A22A-EE6B710477CA}.Debug|Any CPU.Build.0 = Debug|Any CPU
		{267F61C9-7DB9-41D3-A22A-EE6B710477CA}.Release|Any CPU.ActiveCfg = Release|Any CPU
		{267F61C9-7DB9-41D3-A22A-EE6B710477CA}.Release|Any CPU.Build.0 = Release|Any CPU
	EndGlobalSection
	GlobalSection(SolutionProperties) = preSolution
		HideSolutionNode = FALSE
	EndGlobalSection
	GlobalSection(ExtensibilityGlobals) = postSolution
		SolutionGuid = {84E7A3AD-E215-47C2-9812-AD75B8DC62E4}
	EndGlobalSection
EndGlobal
