
Microsoft Visual Studio Solution File, Format Version 12.00
# Visual Studio Version 16
VisualStudioVersion = 16.0.29509.3
MinimumVisualStudioVersion = 10.0.40219.1
Project("{FAE04EC0-301F-11D3-BF4B-00C04F79EFBC}") = "lsp-java", "lsp-java\lsp-java.csproj", "{267F61C9-7DB9-41D3-A22A-EE6B710477CA}"
EndProject
Global
	GlobalSection(SolutionConfigurationPlatforms) = preSolution
		Debug|Any CPU = Debug|Any CPU
		Release|Any CPU = Release|Any CPU
	EndGlobalSection
	GlobalSection(ProjectConfigurationPlatforms) = postSolution
		{267F61C9-7DB9-41D3-A22A-EE6B710477CA}.Debug|Any CPU.ActiveCfg = Debug|Any CPU
		{267F61C9-7DB9-41D3-A22A-EE6B710477CA}.Debug|Any CPU.Build.0 = Debug|Any CPU
		{267F61C9-7DB9-41D3-A22A-EE6B710477CA}.Release|Any CPU.ActiveCfg = Release|Any CPU
		{267F61C9-7DB9-41D3-A22A-EE6B710477CA}.Release|Any CPU.Build.0 = Release|Any CPU
	EndGlobalSection
	GlobalSection(SolutionProperties) = preSolution
		HideSolutionNode = FALSE
	EndGlobalSection
	GlobalSection(ExtensibilityGlobals) = postSolution
		SolutionGuid = {9AE648E9-9B93-47A2-9242-775FA2309101}
	EndGlobalSection
EndGlobal
